
Microsoft Visual Studio Solution File, Format Version 12.00
# Visual Studio Version 16
VisualStudioVersion = 16.0.29418.71
MinimumVisualStudioVersion = 10.0.40219.1
Project("{FAE04EC0-301F-11D3-BF4B-00C04F79EFBC}") = "Trening", "Trening\Trening.csproj", "{3808A138-14E5-459F-8A0E-533C17F630D5}"
EndProject
Global
	GlobalSection(SolutionConfigurationPlatforms) = preSolution
		Debug|Any CPU = Debug|Any CPU
		Release|Any CPU = Release|Any CPU
	EndGlobalSection
	GlobalSection(ProjectConfigurationPlatforms) = postSolution
		{3808A138-14E5-459F-8A0E-533C17F630D5}.Debug|Any CPU.ActiveCfg = Debug|Any CPU
		{3808A138-14E5-459F-8A0E-533C17F630D5}.Debug|Any CPU.Build.0 = Debug|Any CPU
		{3808A138-14E5-459F-8A0E-533C17F630D5}.Release|Any CPU.ActiveCfg = Release|Any CPU
		{3808A138-14E5-459F-8A0E-533C17F630D5}.Release|Any CPU.Build.0 = Release|Any CPU
	EndGlobalSection
	GlobalSection(SolutionProperties) = preSolution
		HideSolutionNode = FALSE
	EndGlobalSection
	GlobalSection(ExtensibilityGlobals) = postSolution
		SolutionGuid = {08617470-46A8-4942-9061-61C3C37C7C5B}
	EndGlobalSection
EndGlobal
